
Microsoft Visual Studio Solution File, Format Version 12.00
# Visual Studio Version 17
VisualStudioVersion = 17.5.33530.505
MinimumVisualStudioVersion = 10.0.40219.1
Project("{FAE04EC0-301F-11D3-BF4B-00C04F79EFBC}") = "Password", "Password\Password.csproj", "{4493C6AA-4F76-4EA5-8AF7-55C19285FBE9}"
EndProject
Project("{FAE04EC0-301F-11D3-BF4B-00C04F79EFBC}") = "Password.Tests", "PasswordTests\Password.Tests.csproj", "{1E9EEE98-7D56-49CE-84E4-0656B02A6C1E}"
EndProject
Global
	GlobalSection(SolutionConfigurationPlatforms) = preSolution
		Debug|Any CPU = Debug|Any CPU
		Release|Any CPU = Release|Any CPU
	EndGlobalSection
	GlobalSection(ProjectConfigurationPlatforms) = postSolution
		{4493C6AA-4F76-4EA5-8AF7-55C19285FBE9}.Debug|Any CPU.ActiveCfg = Debug|Any CPU
		{4493C6AA-4F76-4EA5-8AF7-55C19285FBE9}.Debug|Any CPU.Build.0 = Debug|Any CPU
		{4493C6AA-4F76-4EA5-8AF7-55C19285FBE9}.Release|Any CPU.ActiveCfg = Release|Any CPU
		{4493C6AA-4F76-4EA5-8AF7-55C19285FBE9}.Release|Any CPU.Build.0 = Release|Any CPU
		{1E9EEE98-7D56-49CE-84E4-0656B02A6C1E}.Debug|Any CPU.ActiveCfg = Debug|Any CPU
		{1E9EEE98-7D56-49CE-84E4-0656B02A6C1E}.Debug|Any CPU.Build.0 = Debug|Any CPU
		{1E9EEE98-7D56-49CE-84E4-0656B02A6C1E}.Release|Any CPU.ActiveCfg = Release|Any CPU
		{1E9EEE98-7D56-49CE-84E4-0656B02A6C1E}.Release|Any CPU.Build.0 = Release|Any CPU
	EndGlobalSection
	GlobalSection(SolutionProperties) = preSolution
		HideSolutionNode = FALSE
	EndGlobalSection
	GlobalSection(ExtensibilityGlobals) = postSolution
		SolutionGuid = {54E84A1B-F375-49AC-9F1E-AE7FEDC7BCAE}
	EndGlobalSection
EndGlobal
